
Microsoft Visual Studio Solution File, Format Version 11.00
# Visual Studio 2010
Project("{FAE04EC0-301F-11D3-BF4B-00C04F79EFBC}") = "Time Log", "Time Log\Time Log.csproj", "{C5AC1832-5615-488D-BCEB-F2E77517924B}"
EndProject
Project("{FAE04EC0-301F-11D3-BF4B-00C04F79EFBC}") = "TimeConnector", "TimeConnector\TimeConnector.csproj", "{DA957176-04ED-4915-87B2-F1C592725DA1}"
EndProject
Global
	GlobalSection(SolutionConfigurationPlatforms) = preSolution
		Debug|Any CPU = Debug|Any CPU
		Debug|Mixed Platforms = Debug|Mixed Platforms
		Debug|x86 = Debug|x86
		Release|Any CPU = Release|Any CPU
		Release|Mixed Platforms = Release|Mixed Platforms
		Release|x86 = Release|x86
	EndGlobalSection
	GlobalSection(ProjectConfigurationPlatforms) = postSolution
		{C5AC1832-5615-488D-BCEB-F2E77517924B}.Debug|Any CPU.ActiveCfg = Debug|x86
		{C5AC1832-5615-488D-BCEB-F2E77517924B}.Debug|Mixed Platforms.ActiveCfg = Debug|x86
		{C5AC1832-5615-488D-BCEB-F2E77517924B}.Debug|Mixed Platforms.Build.0 = Debug|x86
		{C5AC1832-5615-488D-BCEB-F2E77517924B}.Debug|x86.ActiveCfg = Debug|x86
		{C5AC1832-5615-488D-BCEB-F2E77517924B}.Debug|x86.Build.0 = Debug|x86
		{C5AC1832-5615-488D-BCEB-F2E77517924B}.Release|Any CPU.ActiveCfg = Release|x86
		{C5AC1832-5615-488D-BCEB-F2E77517924B}.Release|Mixed Platforms.ActiveCfg = Release|x86
		{C5AC1832-5615-488D-BCEB-F2E77517924B}.Release|Mixed Platforms.Build.0 = Release|x86
		{C5AC1832-5615-488D-BCEB-F2E77517924B}.Release|x86.ActiveCfg = Release|x86
		{C5AC1832-5615-488D-BCEB-F2E77517924B}.Release|x86.Build.0 = Release|x86
		{DA957176-04ED-4915-87B2-F1C592725DA1}.Debug|Any CPU.ActiveCfg = Debug|Any CPU
		{DA957176-04ED-4915-87B2-F1C592725DA1}.Debug|Any CPU.Build.0 = Debug|Any CPU
		{DA957176-04ED-4915-87B2-F1C592725DA1}.Debug|Mixed Platforms.ActiveCfg = Debug|Any CPU
		{DA957176-04ED-4915-87B2-F1C592725DA1}.Debug|Mixed Platforms.Build.0 = Debug|Any CPU
		{DA957176-04ED-4915-87B2-F1C592725DA1}.Debug|x86.ActiveCfg = Debug|Any CPU
		{DA957176-04ED-4915-87B2-F1C592725DA1}.Release|Any CPU.ActiveCfg = Release|Any CPU
		{DA957176-04ED-4915-87B2-F1C592725DA1}.Release|Any CPU.Build.0 = Release|Any CPU
		{DA957176-04ED-4915-87B2-F1C592725DA1}.Release|Mixed Platforms.ActiveCfg = Release|Any CPU
		{DA957176-04ED-4915-87B2-F1C592725DA1}.Release|Mixed Platforms.Build.0 = Release|Any CPU
		{DA957176-04ED-4915-87B2-F1C592725DA1}.Release|x86.ActiveCfg = Release|Any CPU
	EndGlobalSection
	GlobalSection(SolutionProperties) = preSolution
		HideSolutionNode = FALSE
	EndGlobalSection
EndGlobal
